// !$*UTF8*$!
{
	archiveVersion = 1;
	classes = {
	};
	objectVersion = 46;
	objects = {

/* Begin PBXBuildFile section */
		177C56E981B2BB79FF0B6F1F /* Pods_BLKProperty.framework in Frameworks */ = {isa = PBXBuildFile; fileRef = 1B84D34DCE84D4B6FBA7BB21 /* Pods_BLKProperty.framework */; };
		18945EDC1DF4F4F70072F0E3 /* AppDelegate.swift in Sources */ = {isa = PBXBuildFile; fileRef = 18945EDB1DF4F4F60072F0E3 /* AppDelegate.swift */; };
		18945EDE1DF4F4F70072F0E3 /* ViewController.swift in Sources */ = {isa = PBXBuildFile; fileRef = 18945EDD1DF4F4F70072F0E3 /* ViewController.swift */; };
		18945EE11DF4F4F70072F0E3 /* Main.storyboard in Resources */ = {isa = PBXBuildFile; fileRef = 18945EDF1DF4F4F70072F0E3 /* Main.storyboard */; };
		18945EE31DF4F4F70072F0E3 /* Assets.xcassets in Resources */ = {isa = PBXBuildFile; fileRef = 18945EE21DF4F4F70072F0E3 /* Assets.xcassets */; };
		18945EE61DF4F4F70072F0E3 /* LaunchScreen.storyboard in Resources */ = {isa = PBXBuildFile; fileRef = 18945EE41DF4F4F70072F0E3 /* LaunchScreen.storyboard */; };
		18945EF11DF4F4F70072F0E3 /* BLKPropertyTests.swift in Sources */ = {isa = PBXBuildFile; fileRef = 18945EF01DF4F4F70072F0E3 /* BLKPropertyTests.swift */; };
		18945EFC1DF4F4F70072F0E3 /* BLKPropertyUITests.swift in Sources */ = {isa = PBXBuildFile; fileRef = 18945EFB1DF4F4F70072F0E3 /* BLKPropertyUITests.swift */; };
		18945F261DF4F6060072F0E3 /* BaseViewController.swift in Sources */ = {isa = PBXBuildFile; fileRef = 18945F1A1DF4F6060072F0E3 /* BaseViewController.swift */; };
		18945F271DF4F6060072F0E3 /* DefineHeader.swift in Sources */ = {isa = PBXBuildFile; fileRef = 18945F1D1DF4F6060072F0E3 /* DefineHeader.swift */; };
		18945F281DF4F6060072F0E3 /* ZDCircleScrollView.swift in Sources */ = {isa = PBXBuildFile; fileRef = 18945F221DF4F6060072F0E3 /* ZDCircleScrollView.swift */; };
		18945F2B1DF4F62E0072F0E3 /* LoginViewController.swift in Sources */ = {isa = PBXBuildFile; fileRef = 18945F291DF4F62E0072F0E3 /* LoginViewController.swift */; };
		18945F2C1DF4F62E0072F0E3 /* LoginViewController.xib in Resources */ = {isa = PBXBuildFile; fileRef = 18945F2A1DF4F62E0072F0E3 /* LoginViewController.xib */; };
		18945F2E1DF4F63E0072F0E3 /* FirstLaunchViewController.swift in Sources */ = {isa = PBXBuildFile; fileRef = 18945F2D1DF4F63E0072F0E3 /* FirstLaunchViewController.swift */; };
/* End PBXBuildFile section */

/* Begin PBXContainerItemProxy section */
		18945EED1DF4F4F70072F0E3 /* PBXContainerItemProxy */ = {
			isa = PBXContainerItemProxy;
			containerPortal = 18945ED01DF4F4F60072F0E3 /* Project object */;
			proxyType = 1;
			remoteGlobalIDString = 18945ED71DF4F4F60072F0E3;
			remoteInfo = BLKProperty;
		};
		18945EF81DF4F4F70072F0E3 /* PBXContainerItemProxy */ = {
			isa = PBXContainerItemProxy;
			containerPortal = 18945ED01DF4F4F60072F0E3 /* Project object */;
			proxyType = 1;
			remoteGlobalIDString = 18945ED71DF4F4F60072F0E3;
			remoteInfo = BLKProperty;
		};
/* End PBXContainerItemProxy section */

/* Begin PBXFileReference section */
		18945ED81DF4F4F60072F0E3 /* BLKProperty.app */ = {isa = PBXFileReference; explicitFileType = wrapper.application; includeInIndex = 0; path = BLKProperty.app; sourceTree = BUILT_PRODUCTS_DIR; };
		18945EDB1DF4F4F60072F0E3 /* AppDelegate.swift */ = {isa = PBXFileReference; lastKnownFileType = sourcecode.swift; path = AppDelegate.swift; sourceTree = "<group>"; };
		18945EDD1DF4F4F70072F0E3 /* ViewController.swift */ = {isa = PBXFileReference; lastKnownFileType = sourcecode.swift; path = ViewController.swift; sourceTree = "<group>"; };
		18945EE01DF4F4F70072F0E3 /* Base */ = {isa = PBXFileReference; lastKnownFileType = file.storyboard; name = Base; path = Base.lproj/Main.storyboard; sourceTree = "<group>"; };
		18945EE21DF4F4F70072F0E3 /* Assets.xcassets */ = {isa = PBXFileReference; lastKnownFileType = folder.assetcatalog; path = Assets.xcassets; sourceTree = "<group>"; };
		18945EE51DF4F4F70072F0E3 /* Base */ = {isa = PBXFileReference; lastKnownFileType = file.storyboard; name = Base; path = Base.lproj/LaunchScreen.storyboard; sourceTree = "<group>"; };
		18945EE71DF4F4F70072F0E3 /* Info.plist */ = {isa = PBXFileReference; lastKnownFileType = text.plist.xml; path = Info.plist; sourceTree = "<group>"; };
		18945EEC1DF4F4F70072F0E3 /* BLKPropertyTests.xctest */ = {isa = PBXFileReference; explicitFileType = wrapper.cfbundle; includeInIndex = 0; path = BLKPropertyTests.xctest; sourceTree = BUILT_PRODUCTS_DIR; };
		18945EF01DF4F4F70072F0E3 /* BLKPropertyTests.swift */ = {isa = PBXFileReference; lastKnownFileType = sourcecode.swift; path = BLKPropertyTests.swift; sourceTree = "<group>"; };
		18945EF21DF4F4F70072F0E3 /* Info.plist */ = {isa = PBXFileReference; lastKnownFileType = text.plist.xml; path = Info.plist; sourceTree = "<group>"; };
		18945EF71DF4F4F70072F0E3 /* BLKPropertyUITests.xctest */ = {isa = PBXFileReference; explicitFileType = wrapper.cfbundle; includeInIndex = 0; path = BLKPropertyUITests.xctest; sourceTree = BUILT_PRODUCTS_DIR; };
		18945EFB1DF4F4F70072F0E3 /* BLKPropertyUITests.swift */ = {isa = PBXFileReference; lastKnownFileType = sourcecode.swift; path = BLKPropertyUITests.swift; sourceTree = "<group>"; };
		18945EFD1DF4F4F70072F0E3 /* Info.plist */ = {isa = PBXFileReference; lastKnownFileType = text.plist.xml; path = Info.plist; sourceTree = "<group>"; };
		18945F1A1DF4F6060072F0E3 /* BaseViewController.swift */ = {isa = PBXFileReference; fileEncoding = 4; lastKnownFileType = sourcecode.swift; path = BaseViewController.swift; sourceTree = "<group>"; };
		18945F1D1DF4F6060072F0E3 /* DefineHeader.swift */ = {isa = PBXFileReference; fileEncoding = 4; lastKnownFileType = sourcecode.swift; path = DefineHeader.swift; sourceTree = "<group>"; };
		18945F221DF4F6060072F0E3 /* ZDCircleScrollView.swift */ = {isa = PBXFileReference; fileEncoding = 4; lastKnownFileType = sourcecode.swift; path = ZDCircleScrollView.swift; sourceTree = "<group>"; };
		18945F291DF4F62E0072F0E3 /* LoginViewController.swift */ = {isa = PBXFileReference; fileEncoding = 4; lastKnownFileType = sourcecode.swift; path = LoginViewController.swift; sourceTree = "<group>"; };
		18945F2A1DF4F62E0072F0E3 /* LoginViewController.xib */ = {isa = PBXFileReference; fileEncoding = 4; lastKnownFileType = file.xib; path = LoginViewController.xib; sourceTree = "<group>"; };
		18945F2D1DF4F63E0072F0E3 /* FirstLaunchViewController.swift */ = {isa = PBXFileReference; fileEncoding = 4; lastKnownFileType = sourcecode.swift; path = FirstLaunchViewController.swift; sourceTree = "<group>"; };
		18945F2F1DF4F6A60072F0E3 /* BLKSwift_bridging.h */ = {isa = PBXFileReference; fileEncoding = 4; lastKnownFileType = sourcecode.c.h; path = BLKSwift_bridging.h; sourceTree = "<group>"; };
		1B84D34DCE84D4B6FBA7BB21 /* Pods_BLKProperty.framework */ = {isa = PBXFileReference; explicitFileType = wrapper.framework; includeInIndex = 0; path = Pods_BLKProperty.framework; sourceTree = BUILT_PRODUCTS_DIR; };
		9F4ACA34CBF41DB3EDF351C5 /* Pods-BLKProperty.release.xcconfig */ = {isa = PBXFileReference; includeInIndex = 1; lastKnownFileType = text.xcconfig; name = "Pods-BLKProperty.release.xcconfig"; path = "Pods/Target Support Files/Pods-BLKProperty/Pods-BLKProperty.release.xcconfig"; sourceTree = "<group>"; };
		FAFFB1DD5646D3FAA640BBDE /* Pods-BLKProperty.debug.xcconfig */ = {isa = PBXFileReference; includeInIndex = 1; lastKnownFileType = text.xcconfig; name = "Pods-BLKProperty.debug.xcconfig"; path = "Pods/Target Support Files/Pods-BLKProperty/Pods-BLKProperty.debug.xcconfig"; sourceTree = "<group>"; };
/* End PBXFileReference section */

/* Begin PBXFrameworksBuildPhase section */
		18945ED51DF4F4F60072F0E3 /* Frameworks */ = {
			isa = PBXFrameworksBuildPhase;
			buildActionMask = 2147483647;
			files = (
				177C56E981B2BB79FF0B6F1F /* Pods_BLKProperty.framework in Frameworks */,
			);
			runOnlyForDeploymentPostprocessing = 0;
		};
		18945EE91DF4F4F70072F0E3 /* Frameworks */ = {
			isa = PBXFrameworksBuildPhase;
			buildActionMask = 2147483647;
			files = (
			);
			runOnlyForDeploymentPostprocessing = 0;
		};
		18945EF41DF4F4F70072F0E3 /* Frameworks */ = {
			isa = PBXFrameworksBuildPhase;
			buildActionMask = 2147483647;
			files = (
			);
			runOnlyForDeploymentPostprocessing = 0;
		};
/* End PBXFrameworksBuildPhase section */

/* Begin PBXGroup section */
		18945ECF1DF4F4F60072F0E3 = {
			isa = PBXGroup;
			children = (
				18945EDA1DF4F4F60072F0E3 /* BLKProperty */,
				18945EEF1DF4F4F70072F0E3 /* BLKPropertyTests */,
				18945EFA1DF4F4F70072F0E3 /* BLKPropertyUITests */,
				18945ED91DF4F4F60072F0E3 /* Products */,
				F3241346122497790278BD89 /* Pods */,
				70D357019D42C677EB071A2A /* Frameworks */,
			);
			sourceTree = "<group>";
		};
		18945ED91DF4F4F60072F0E3 /* Products */ = {
			isa = PBXGroup;
			children = (
				18945ED81DF4F4F60072F0E3 /* BLKProperty.app */,
				18945EEC1DF4F4F70072F0E3 /* BLKPropertyTests.xctest */,
				18945EF71DF4F4F70072F0E3 /* BLKPropertyUITests.xctest */,
			);
			name = Products;
			sourceTree = "<group>";
		};
		18945EDA1DF4F4F60072F0E3 /* BLKProperty */ = {
			isa = PBXGroup;
			children = (
				18945EDB1DF4F4F60072F0E3 /* AppDelegate.swift */,
				18945EDD1DF4F4F70072F0E3 /* ViewController.swift */,
				18945F0B1DF4F6060072F0E3 /* Classes */,
				18945F181DF4F6060072F0E3 /* CommonUI */,
				18945F1E1DF4F6060072F0E3 /* Resources */,
				18945EDF1DF4F4F70072F0E3 /* Main.storyboard */,
				18945EE21DF4F4F70072F0E3 /* Assets.xcassets */,
				18945EE41DF4F4F70072F0E3 /* LaunchScreen.storyboard */,
				18945EE71DF4F4F70072F0E3 /* Info.plist */,
			);
			path = BLKProperty;
			sourceTree = "<group>";
		};
		18945EEF1DF4F4F70072F0E3 /* BLKPropertyTests */ = {
			isa = PBXGroup;
			children = (
				18945EF01DF4F4F70072F0E3 /* BLKPropertyTests.swift */,
				18945EF21DF4F4F70072F0E3 /* Info.plist */,
			);
			path = BLKPropertyTests;
			sourceTree = "<group>";
		};
		18945EFA1DF4F4F70072F0E3 /* BLKPropertyUITests */ = {
			isa = PBXGroup;
			children = (
				18945EFB1DF4F4F70072F0E3 /* BLKPropertyUITests.swift */,
				18945EFD1DF4F4F70072F0E3 /* Info.plist */,
			);
			path = BLKPropertyUITests;
			sourceTree = "<group>";
		};
		18945F0B1DF4F6060072F0E3 /* Classes */ = {
			isa = PBXGroup;
			children = (
				18945F0C1DF4F6060072F0E3 /* Others */,
				18945F101DF4F6060072F0E3 /* 投诉建议 */,
				18945F141DF4F6060072F0E3 /* 报修 */,
			);
			path = Classes;
			sourceTree = "<group>";
		};
		18945F0C1DF4F6060072F0E3 /* Others */ = {
			isa = PBXGroup;
			children = (
				18945F291DF4F62E0072F0E3 /* LoginViewController.swift */,
				18945F2A1DF4F62E0072F0E3 /* LoginViewController.xib */,
				18945F2D1DF4F63E0072F0E3 /* FirstLaunchViewController.swift */,
			);
			path = Others;
			sourceTree = "<group>";
		};
		18945F101DF4F6060072F0E3 /* 投诉建议 */ = {
			isa = PBXGroup;
			children = (
				18945F111DF4F6060072F0E3 /* Models */,
				18945F121DF4F6060072F0E3 /* ViewControllers */,
				18945F131DF4F6060072F0E3 /* Views */,
			);
			path = "投诉建议";
			sourceTree = "<group>";
		};
		18945F111DF4F6060072F0E3 /* Models */ = {
			isa = PBXGroup;
			children = (
			);
			path = Models;
			sourceTree = "<group>";
		};
		18945F121DF4F6060072F0E3 /* ViewControllers */ = {
			isa = PBXGroup;
			children = (
			);
			path = ViewControllers;
			sourceTree = "<group>";
		};
		18945F131DF4F6060072F0E3 /* Views */ = {
			isa = PBXGroup;
			children = (
			);
			path = Views;
			sourceTree = "<group>";
		};
		18945F141DF4F6060072F0E3 /* 报修 */ = {
			isa = PBXGroup;
			children = (
				18945F151DF4F6060072F0E3 /* Models */,
				18945F161DF4F6060072F0E3 /* ViewControllers */,
				18945F171DF4F6060072F0E3 /* Views */,
			);
			path = "报修";
			sourceTree = "<group>";
		};
		18945F151DF4F6060072F0E3 /* Models */ = {
			isa = PBXGroup;
			children = (
			);
			path = Models;
			sourceTree = "<group>";
		};
		18945F161DF4F6060072F0E3 /* ViewControllers */ = {
			isa = PBXGroup;
			children = (
			);
			path = ViewControllers;
			sourceTree = "<group>";
		};
		18945F171DF4F6060072F0E3 /* Views */ = {
			isa = PBXGroup;
			children = (
			);
			path = Views;
			sourceTree = "<group>";
		};
		18945F181DF4F6060072F0E3 /* CommonUI */ = {
			isa = PBXGroup;
			children = (
				18945F191DF4F6060072F0E3 /* BaseViewController */,
				18945F1B1DF4F6060072F0E3 /* DefineHeader */,
			);
			path = CommonUI;
			sourceTree = "<group>";
		};
		18945F191DF4F6060072F0E3 /* BaseViewController */ = {
			isa = PBXGroup;
			children = (
				18945F1A1DF4F6060072F0E3 /* BaseViewController.swift */,
			);
			path = BaseViewController;
			sourceTree = "<group>";
		};
		18945F1B1DF4F6060072F0E3 /* DefineHeader */ = {
			isa = PBXGroup;
			children = (
				18945F1D1DF4F6060072F0E3 /* DefineHeader.swift */,
				18945F2F1DF4F6A60072F0E3 /* BLKSwift_bridging.h */,
			);
			path = DefineHeader;
			sourceTree = "<group>";
		};
		18945F1E1DF4F6060072F0E3 /* Resources */ = {
			isa = PBXGroup;
			children = (
				18945F1F1DF4F6060072F0E3 /* Images */,
				18945F201DF4F6060072F0E3 /* Utility */,
			);
			path = Resources;
			sourceTree = "<group>";
		};
		18945F1F1DF4F6060072F0E3 /* Images */ = {
			isa = PBXGroup;
			children = (
			);
			path = Images;
			sourceTree = "<group>";
		};
		18945F201DF4F6060072F0E3 /* Utility */ = {
			isa = PBXGroup;
			children = (
				18945F211DF4F6060072F0E3 /* ZDCircleScrollView */,
			);
			path = Utility;
			sourceTree = "<group>";
		};
		18945F211DF4F6060072F0E3 /* ZDCircleScrollView */ = {
			isa = PBXGroup;
			children = (
				18945F221DF4F6060072F0E3 /* ZDCircleScrollView.swift */,
			);
			path = ZDCircleScrollView;
			sourceTree = "<group>";
		};
		70D357019D42C677EB071A2A /* Frameworks */ = {
			isa = PBXGroup;
			children = (
				1B84D34DCE84D4B6FBA7BB21 /* Pods_BLKProperty.framework */,
			);
			name = Frameworks;
			sourceTree = "<group>";
		};
		F3241346122497790278BD89 /* Pods */ = {
			isa = PBXGroup;
			children = (
				FAFFB1DD5646D3FAA640BBDE /* Pods-BLKProperty.debug.xcconfig */,
				9F4ACA34CBF41DB3EDF351C5 /* Pods-BLKProperty.release.xcconfig */,
			);
			name = Pods;
			sourceTree = "<group>";
		};
/* End PBXGroup section */

/* Begin PBXNativeTarget section */
		18945ED71DF4F4F60072F0E3 /* BLKProperty */ = {
			isa = PBXNativeTarget;
			buildConfigurationList = 18945F001DF4F4F70072F0E3 /* Build configuration list for PBXNativeTarget "BLKProperty" */;
			buildPhases = (
				CFEFE50607AEE1FA835D6D44 /* [CP] Check Pods Manifest.lock */,
				18945ED41DF4F4F60072F0E3 /* Sources */,
				18945ED51DF4F4F60072F0E3 /* Frameworks */,
				18945ED61DF4F4F60072F0E3 /* Resources */,
				5BE3D712787A25CAECDFD5D4 /* [CP] Embed Pods Frameworks */,
				7A7198C2B40C0FA8902298AC /* [CP] Copy Pods Resources */,
			);
			buildRules = (
			);
			dependencies = (
			);
			name = BLKProperty;
			productName = BLKProperty;
			productReference = 18945ED81DF4F4F60072F0E3 /* BLKProperty.app */;
			productType = "com.apple.product-type.application";
		};
		18945EEB1DF4F4F70072F0E3 /* BLKPropertyTests */ = {
			isa = PBXNativeTarget;
			buildConfigurationList = 18945F031DF4F4F70072F0E3 /* Build configuration list for PBXNativeTarget "BLKPropertyTests" */;
			buildPhases = (
				18945EE81DF4F4F70072F0E3 /* Sources */,
				18945EE91DF4F4F70072F0E3 /* Frameworks */,
				18945EEA1DF4F4F70072F0E3 /* Resources */,
			);
			buildRules = (
			);
			dependencies = (
				18945EEE1DF4F4F70072F0E3 /* PBXTargetDependency */,
			);
			name = BLKPropertyTests;
			productName = BLKPropertyTests;
			productReference = 18945EEC1DF4F4F70072F0E3 /* BLKPropertyTests.xctest */;
			productType = "com.apple.product-type.bundle.unit-test";
		};
		18945EF61DF4F4F70072F0E3 /* BLKPropertyUITests */ = {
			isa = PBXNativeTarget;
			buildConfigurationList = 18945F061DF4F4F70072F0E3 /* Build configuration list for PBXNativeTarget "BLKPropertyUITests" */;
			buildPhases = (
				18945EF31DF4F4F70072F0E3 /* Sources */,
				18945EF41DF4F4F70072F0E3 /* Frameworks */,
				18945EF51DF4F4F70072F0E3 /* Resources */,
			);
			buildRules = (
			);
			dependencies = (
				18945EF91DF4F4F70072F0E3 /* PBXTargetDependency */,
			);
			name = BLKPropertyUITests;
			productName = BLKPropertyUITests;
			productReference = 18945EF71DF4F4F70072F0E3 /* BLKPropertyUITests.xctest */;
			productType = "com.apple.product-type.bundle.ui-testing";
		};
/* End PBXNativeTarget section */

/* Begin PBXProject section */
		18945ED01DF4F4F60072F0E3 /* Project object */ = {
			isa = PBXProject;
			attributes = {
				LastSwiftUpdateCheck = 0810;
				LastUpgradeCheck = 0810;
				ORGANIZATIONNAME = CQZ;
				TargetAttributes = {
					18945ED71DF4F4F60072F0E3 = {
						CreatedOnToolsVersion = 8.1;
						ProvisioningStyle = Manual;
					};
					18945EEB1DF4F4F70072F0E3 = {
						CreatedOnToolsVersion = 8.1;
						DevelopmentTeam = PCPY9H57KR;
						ProvisioningStyle = Automatic;
						TestTargetID = 18945ED71DF4F4F60072F0E3;
					};
					18945EF61DF4F4F70072F0E3 = {
						CreatedOnToolsVersion = 8.1;
						DevelopmentTeam = PCPY9H57KR;
						ProvisioningStyle = Automatic;
						TestTargetID = 18945ED71DF4F4F60072F0E3;
					};
				};
			};
			buildConfigurationList = 18945ED31DF4F4F60072F0E3 /* Build configuration list for PBXProject "BLKProperty" */;
			compatibilityVersion = "Xcode 3.2";
			developmentRegion = English;
			hasScannedForEncodings = 0;
			knownRegions = (
				en,
				Base,
			);
			mainGroup = 18945ECF1DF4F4F60072F0E3;
			productRefGroup = 18945ED91DF4F4F60072F0E3 /* Products */;
			projectDirPath = "";
			projectRoot = "";
			targets = (
				18945ED71DF4F4F60072F0E3 /* BLKProperty */,
				18945EEB1DF4F4F70072F0E3 /* BLKPropertyTests */,
				18945EF61DF4F4F70072F0E3 /* BLKPropertyUITests */,
			);
		};
/* End PBXProject section */

/* Begin PBXResourcesBuildPhase section */
		18945ED61DF4F4F60072F0E3 /* Resources */ = {
			isa = PBXResourcesBuildPhase;
			buildActionMask = 2147483647;
			files = (
				18945F2C1DF4F62E0072F0E3 /* LoginViewController.xib in Resources */,
				18945EE61DF4F4F70072F0E3 /* LaunchScreen.storyboard in Resources */,
				18945EE31DF4F4F70072F0E3 /* Assets.xcassets in Resources */,
				18945EE11DF4F4F70072F0E3 /* Main.storyboard in Resources */,
			);
			runOnlyForDeploymentPostprocessing = 0;
		};
		18945EEA1DF4F4F70072F0E3 /* Resources */ = {
			isa = PBXResourcesBuildPhase;
			buildActionMask = 2147483647;
			files = (
			);
			runOnlyForDeploymentPostprocessing = 0;
		};
		18945EF51DF4F4F70072F0E3 /* Resources */ = {
			isa = PBXResourcesBuildPhase;
			buildActionMask = 2147483647;
			files = (
			);
			runOnlyForDeploymentPostprocessing = 0;
		};
/* End PBXResourcesBuildPhase section */

/* Begin PBXShellScriptBuildPhase section */
		5BE3D712787A25CAECDFD5D4 /* [CP] Embed Pods Frameworks */ = {
			isa = PBXShellScriptBuildPhase;
			buildActionMask = 2147483647;
			files = (
			);
			inputPaths = (
			);
			name = "[CP] Embed Pods Frameworks";
			outputPaths = (
			);
			runOnlyForDeploymentPostprocessing = 0;
			shellPath = /bin/sh;
			shellScript = "\"${SRCROOT}/Pods/Target Support Files/Pods-BLKProperty/Pods-BLKProperty-frameworks.sh\"\n";
			showEnvVarsInLog = 0;
		};
		7A7198C2B40C0FA8902298AC /* [CP] Copy Pods Resources */ = {
			isa = PBXShellScriptBuildPhase;
			buildActionMask = 2147483647;
			files = (
			);
			inputPaths = (
			);
			name = "[CP] Copy Pods Resources";
			outputPaths = (
			);
			runOnlyForDeploymentPostprocessing = 0;
			shellPath = /bin/sh;
			shellScript = "\"${SRCROOT}/Pods/Target Support Files/Pods-BLKProperty/Pods-BLKProperty-resources.sh\"\n";
			showEnvVarsInLog = 0;
		};
		CFEFE50607AEE1FA835D6D44 /* [CP] Check Pods Manifest.lock */ = {
			isa = PBXShellScriptBuildPhase;
			buildActionMask = 2147483647;
			files = (
			);
			inputPaths = (
			);
			name = "[CP] Check Pods Manifest.lock";
			outputPaths = (
			);
			runOnlyForDeploymentPostprocessing = 0;
			shellPath = /bin/sh;
			shellScript = "diff \"${PODS_ROOT}/../Podfile.lock\" \"${PODS_ROOT}/Manifest.lock\" > /dev/null\nif [ $? != 0 ] ; then\n    # print error to STDERR\n    echo \"error: The sandbox is not in sync with the Podfile.lock. Run 'pod install' or update your CocoaPods installation.\" >&2\n    exit 1\nfi\n";
			showEnvVarsInLog = 0;
		};
/* End PBXShellScriptBuildPhase section */

/* Begin PBXSourcesBuildPhase section */
		18945ED41DF4F4F60072F0E3 /* Sources */ = {
			isa = PBXSourcesBuildPhase;
			buildActionMask = 2147483647;
			files = (
				18945F2E1DF4F63E0072F0E3 /* FirstLaunchViewController.swift in Sources */,
				18945F2B1DF4F62E0072F0E3 /* LoginViewController.swift in Sources */,
				18945F261DF4F6060072F0E3 /* BaseViewController.swift in Sources */,
				18945F271DF4F6060072F0E3 /* DefineHeader.swift in Sources */,
				18945EDE1DF4F4F70072F0E3 /* ViewController.swift in Sources */,
				18945F281DF4F6060072F0E3 /* ZDCircleScrollView.swift in Sources */,
				18945EDC1DF4F4F70072F0E3 /* AppDelegate.swift in Sources */,
			);
			runOnlyForDeploymentPostprocessing = 0;
		};
		18945EE81DF4F4F70072F0E3 /* Sources */ = {
			isa = PBXSourcesBuildPhase;
			buildActionMask = 2147483647;
			files = (
				18945EF11DF4F4F70072F0E3 /* BLKPropertyTests.swift in Sources */,
			);
			runOnlyForDeploymentPostprocessing = 0;
		};
		18945EF31DF4F4F70072F0E3 /* Sources */ = {
			isa = PBXSourcesBuildPhase;
			buildActionMask = 2147483647;
			files = (
				18945EFC1DF4F4F70072F0E3 /* BLKPropertyUITests.swift in Sources */,
			);
			runOnlyForDeploymentPostprocessing = 0;
		};
/* End PBXSourcesBuildPhase section */

/* Begin PBXTargetDependency section */
		18945EEE1DF4F4F70072F0E3 /* PBXTargetDependency */ = {
			isa = PBXTargetDependency;
			target = 18945ED71DF4F4F60072F0E3 /* BLKProperty */;
			targetProxy = 18945EED1DF4F4F70072F0E3 /* PBXContainerItemProxy */;
		};
		18945EF91DF4F4F70072F0E3 /* PBXTargetDependency */ = {
			isa = PBXTargetDependency;
			target = 18945ED71DF4F4F60072F0E3 /* BLKProperty */;
			targetProxy = 18945EF81DF4F4F70072F0E3 /* PBXContainerItemProxy */;
		};
/* End PBXTargetDependency section */

/* Begin PBXVariantGroup section */
		18945EDF1DF4F4F70072F0E3 /* Main.storyboard */ = {
			isa = PBXVariantGroup;
			children = (
				18945EE01DF4F4F70072F0E3 /* Base */,
			);
			name = Main.storyboard;
			sourceTree = "<group>";
		};
		18945EE41DF4F4F70072F0E3 /* LaunchScreen.storyboard */ = {
			isa = PBXVariantGroup;
			children = (
				18945EE51DF4F4F70072F0E3 /* Base */,
			);
			name = LaunchScreen.storyboard;
			sourceTree = "<group>";
		};
/* End PBXVariantGroup section */

/* Begin XCBuildConfiguration section */
		18945EFE1DF4F4F70072F0E3 /* Debug */ = {
			isa = XCBuildConfiguration;
			buildSettings = {
				ALWAYS_SEARCH_USER_PATHS = NO;
				CLANG_ANALYZER_NONNULL = YES;
				CLANG_CXX_LANGUAGE_STANDARD = "gnu++0x";
				CLANG_CXX_LIBRARY = "libc++";
				CLANG_ENABLE_MODULES = YES;
				CLANG_ENABLE_OBJC_ARC = YES;
				CLANG_WARN_BOOL_CONVERSION = YES;
				CLANG_WARN_CONSTANT_CONVERSION = YES;
				CLANG_WARN_DIRECT_OBJC_ISA_USAGE = YES_ERROR;
				CLANG_WARN_DOCUMENTATION_COMMENTS = YES;
				CLANG_WARN_EMPTY_BODY = YES;
				CLANG_WARN_ENUM_CONVERSION = YES;
				CLANG_WARN_INFINITE_RECURSION = YES;
				CLANG_WARN_INT_CONVERSION = YES;
				CLANG_WARN_OBJC_ROOT_CLASS = YES_ERROR;
				CLANG_WARN_SUSPICIOUS_MOVES = YES;
				CLANG_WARN_UNREACHABLE_CODE = YES;
				CLANG_WARN__DUPLICATE_METHOD_MATCH = YES;
				"CODE_SIGN_IDENTITY[sdk=iphoneos*]" = "iPhone Developer";
				COPY_PHASE_STRIP = NO;
				DEBUG_INFORMATION_FORMAT = dwarf;
				ENABLE_STRICT_OBJC_MSGSEND = YES;
				ENABLE_TESTABILITY = YES;
				GCC_C_LANGUAGE_STANDARD = gnu99;
				GCC_DYNAMIC_NO_PIC = NO;
				GCC_NO_COMMON_BLOCKS = YES;
				GCC_OPTIMIZATION_LEVEL = 0;
				GCC_PREPROCESSOR_DEFINITIONS = (
					"DEBUG=1",
					"$(inherited)",
				);
				GCC_WARN_64_TO_32_BIT_CONVERSION = YES;
				GCC_WARN_ABOUT_RETURN_TYPE = YES_ERROR;
				GCC_WARN_UNDECLARED_SELECTOR = YES;
				GCC_WARN_UNINITIALIZED_AUTOS = YES_AGGRESSIVE;
				GCC_WARN_UNUSED_FUNCTION = YES;
				GCC_WARN_UNUSED_VARIABLE = YES;
				IPHONEOS_DEPLOYMENT_TARGET = 10.1;
				MTL_ENABLE_DEBUG_INFO = YES;
				ONLY_ACTIVE_ARCH = YES;
				SDKROOT = iphoneos;
				SWIFT_ACTIVE_COMPILATION_CONDITIONS = DEBUG;
				SWIFT_OPTIMIZATION_LEVEL = "-Onone";
			};
			name = Debug;
		};
		18945EFF1DF4F4F70072F0E3 /* Release */ = {
			isa = XCBuildConfiguration;
			buildSettings = {
				ALWAYS_SEARCH_USER_PATHS = NO;
				CLANG_ANALYZER_NONNULL = YES;
				CLANG_CXX_LANGUAGE_STANDARD = "gnu++0x";
				CLANG_CXX_LIBRARY = "libc++";
				CLANG_ENABLE_MODULES = YES;
				CLANG_ENABLE_OBJC_ARC = YES;
				CLANG_WARN_BOOL_CONVERSION = YES;
				CLANG_WARN_CONSTANT_CONVERSION = YES;
				CLANG_WARN_DIRECT_OBJC_ISA_USAGE = YES_ERROR;
				CLANG_WARN_DOCUMENTATION_COMMENTS = YES;
				CLANG_WARN_EMPTY_BODY = YES;
				CLANG_WARN_ENUM_CONVERSION = YES;
				CLANG_WARN_INFINITE_RECURSION = YES;
				CLANG_WARN_INT_CONVERSION = YES;
				CLANG_WARN_OBJC_ROOT_CLASS = YES_ERROR;
				CLANG_WARN_SUSPICIOUS_MOVES = YES;
				CLANG_WARN_UNREACHABLE_CODE = YES;
				CLANG_WARN__DUPLICATE_METHOD_MATCH = YES;
				"CODE_SIGN_IDENTITY[sdk=iphoneos*]" = "iPhone Developer";
				COPY_PHASE_STRIP = NO;
				DEBUG_INFORMATION_FORMAT = "dwarf-with-dsym";
				ENABLE_NS_ASSERTIONS = NO;
				ENABLE_STRICT_OBJC_MSGSEND = YES;
				GCC_C_LANGUAGE_STANDARD = gnu99;
				GCC_NO_COMMON_BLOCKS = YES;
				GCC_WARN_64_TO_32_BIT_CONVERSION = YES;
				GCC_WARN_ABOUT_RETURN_TYPE = YES_ERROR;
				GCC_WARN_UNDECLARED_SELECTOR = YES;
				GCC_WARN_UNINITIALIZED_AUTOS = YES_AGGRESSIVE;
				GCC_WARN_UNUSED_FUNCTION = YES;
				GCC_WARN_UNUSED_VARIABLE = YES;
				IPHONEOS_DEPLOYMENT_TARGET = 10.1;
				MTL_ENABLE_DEBUG_INFO = NO;
				SDKROOT = iphoneos;
				SWIFT_OPTIMIZATION_LEVEL = "-Owholemodule";
				VALIDATE_PRODUCT = YES;
			};
			name = Release;
		};
		18945F011DF4F4F70072F0E3 /* Debug */ = {
			isa = XCBuildConfiguration;
			baseConfigurationReference = FAFFB1DD5646D3FAA640BBDE /* Pods-BLKProperty.debug.xcconfig */;
			buildSettings = {
				ASSETCATALOG_COMPILER_APPICON_NAME = AppIcon;
				ASSETCATALOG_COMPILER_LAUNCHIMAGE_NAME = LaunchImage;
				DEVELOPMENT_TEAM = "";
				INFOPLIST_FILE = BLKProperty/Info.plist;
				IPHONEOS_DEPLOYMENT_TARGET = 8.0;
				LD_RUNPATH_SEARCH_PATHS = "$(inherited) @executable_path/Frameworks";
				PRODUCT_BUNDLE_IDENTIFIER = com.dmy.wy;
				PRODUCT_NAME = "$(TARGET_NAME)";
				SWIFT_OBJC_BRIDGING_HEADER = BLKProperty/CommonUI/DefineHeader/BLKSwift_bridging.h;
				SWIFT_VERSION = 3.0;
				USER_HEADER_SEARCH_PATHS = "${SRCROOT}/**";
			};
			name = Debug;
		};
		18945F021DF4F4F70072F0E3 /* Release */ = {
			isa = XCBuildConfiguration;
			baseConfigurationReference = 9F4ACA34CBF41DB3EDF351C5 /* Pods-BLKProperty.release.xcconfig */;
			buildSettings = {
				ASSETCATALOG_COMPILER_APPICON_NAME = AppIcon;
				ASSETCATALOG_COMPILER_LAUNCHIMAGE_NAME = LaunchImage;
				DEVELOPMENT_TEAM = "";
				INFOPLIST_FILE = BLKProperty/Info.plist;
				IPHONEOS_DEPLOYMENT_TARGET = 8.0;
				LD_RUNPATH_SEARCH_PATHS = "$(inherited) @executable_path/Frameworks";
				PRODUCT_BUNDLE_IDENTIFIER = com.dmy.wy;
				PRODUCT_NAME = "$(TARGET_NAME)";
				SWIFT_OBJC_BRIDGING_HEADER = BLKProperty/CommonUI/DefineHeader/BLKSwift_bridging.h;
				SWIFT_VERSION = 3.0;
				USER_HEADER_SEARCH_PATHS = "${SRCROOT}/**";
			};
			name = Release;
		};
		18945F041DF4F4F70072F0E3 /* Debug */ = {
			isa = XCBuildConfiguration;
			buildSettings = {
				ALWAYS_EMBED_SWIFT_STANDARD_LIBRARIES = YES;
				BUNDLE_LOADER = "$(TEST_HOST)";
				DEVELOPMENT_TEAM = PCPY9H57KR;
				INFOPLIST_FILE = BLKPropertyTests/Info.plist;
				LD_RUNPATH_SEARCH_PATHS = "$(inherited) @executable_path/Frameworks @loader_path/Frameworks";
				PRODUCT_BUNDLE_IDENTIFIER = com.HaiChuan.BLKPropertyTests;
				PRODUCT_NAME = "$(TARGET_NAME)";
				SWIFT_VERSION = 3.0;
				TEST_HOST = "$(BUILT_PRODUCTS_DIR)/BLKProperty.app/BLKProperty";
			};
			name = Debug;
		};
		18945F051DF4F4F70072F0E3 /* Release */ = {
			isa = XCBuildConfiguration;
			buildSettings = {
				ALWAYS_EMBED_SWIFT_STANDARD_LIBRARIES = YES;
				BUNDLE_LOADER = "$(TEST_HOST)";
				DEVELOPMENT_TEAM = PCPY9H57KR;
				INFOPLIST_FILE = BLKPropertyTests/Info.plist;
				LD_RUNPATH_SEARCH_PATHS = "$(inherited) @executable_path/Frameworks @loader_path/Frameworks";
				PRODUCT_BUNDLE_IDENTIFIER = com.HaiChuan.BLKPropertyTests;
				PRODUCT_NAME = "$(TARGET_NAME)";
				SWIFT_VERSION = 3.0;
				TEST_HOST = "$(BUILT_PRODUCTS_DIR)/BLKProperty.app/BLKProperty";
			};
			name = Release;
		};
		18945F071DF4F4F70072F0E3 /* Debug */ = {
			isa = XCBuildConfiguration;
			buildSettings = {
				ALWAYS_EMBED_SWIFT_STANDARD_LIBRARIES = YES;
				DEVELOPMENT_TEAM = PCPY9H57KR;
				INFOPLIST_FILE = BLKPropertyUITests/Info.plist;
				LD_RUNPATH_SEARCH_PATHS = "$(inherited) @executable_path/Frameworks @loader_path/Frameworks";
				PRODUCT_BUNDLE_IDENTIFIER = com.HaiChuan.BLKPropertyUITests;
				PRODUCT_NAME = "$(TARGET_NAME)";
				SWIFT_VERSION = 3.0;
				TEST_TARGET_NAME = BLKProperty;
			};
			name = Debug;
		};
		18945F081DF4F4F70072F0E3 /* Release */ = {
			isa = XCBuildConfiguration;
			buildSettings = {
				ALWAYS_EMBED_SWIFT_STANDARD_LIBRARIES = YES;
				DEVELOPMENT_TEAM = PCPY9H57KR;
				INFOPLIST_FILE = BLKPropertyUITests/Info.plist;
				LD_RUNPATH_SEARCH_PATHS = "$(inherited) @executable_path/Frameworks @loader_path/Frameworks";
				PRODUCT_BUNDLE_IDENTIFIER = com.HaiChuan.BLKPropertyUITests;
				PRODUCT_NAME = "$(TARGET_NAME)";
				SWIFT_VERSION = 3.0;
				TEST_TARGET_NAME = BLKProperty;
			};
			name = Release;
		};
/* End XCBuildConfiguration section */

/* Begin XCConfigurationList section */
		18945ED31DF4F4F60072F0E3 /* Build configuration list for PBXProject "BLKProperty" */ = {
			isa = XCConfigurationList;
			buildConfigurations = (
				18945EFE1DF4F4F70072F0E3 /* Debug */,
				18945EFF1DF4F4F70072F0E3 /* Release */,
			);
			defaultConfigurationIsVisible = 0;
			defaultConfigurationName = Release;
		};
		18945F001DF4F4F70072F0E3 /* Build configuration list for PBXNativeTarget "BLKProperty" */ = {
			isa = XCConfigurationList;
			buildConfigurations = (
				18945F011DF4F4F70072F0E3 /* Debug */,
				18945F021DF4F4F70072F0E3 /* Release */,
			);
			defaultConfigurationIsVisible = 0;
			defaultConfigurationName = Release;
		};
		18945F031DF4F4F70072F0E3 /* Build configuration list for PBXNativeTarget "BLKPropertyTests" */ = {
			isa = XCConfigurationList;
			buildConfigurations = (
				18945F041DF4F4F70072F0E3 /* Debug */,
				18945F051DF4F4F70072F0E3 /* Release */,
			);
			defaultConfigurationIsVisible = 0;
			defaultConfigurationName = Release;
		};
		18945F061DF4F4F70072F0E3 /* Build configuration list for PBXNativeTarget "BLKPropertyUITests" */ = {
			isa = XCConfigurationList;
			buildConfigurations = (
				18945F071DF4F4F70072F0E3 /* Debug */,
				18945F081DF4F4F70072F0E3 /* Release */,
			);
			defaultConfigurationIsVisible = 0;
			defaultConfigurationName = Release;
		};
/* End XCConfigurationList section */
	};
	rootObject = 18945ED01DF4F4F60072F0E3 /* Project object */;
}
